
Microsoft Visual Studio Solution File, Format Version 12.00
# Visual Studio 2012
Project("{FAE04EC0-301F-11D3-BF4B-00C04F79EFBC}") = "WpfStartup", "WpfStartup\WpfStartup.csproj", "{D37B35CF-29EB-437B-96CE-6ACE90847D9F}"
EndProject
Global
	GlobalSection(TeamFoundationVersionControl) = preSolution
		SccNumberOfProjects = 2
		SccEnterpriseProvider = {4CA58AB2-18FA-4F8D-95D4-32DDF27D184C}
		SccTeamFoundationServer = https://volzkaprojects.visualstudio.com/defaultcollection
		SccLocalPath0 = .
		SccProjectUniqueName1 = WpfStartup\\WpfStartup.csproj
		SccProjectName1 = WpfStartup
		SccLocalPath1 = WpfStartup
	EndGlobalSection
	GlobalSection(SolutionConfigurationPlatforms) = preSolution
		Debug|Any CPU = Debug|Any CPU
		Release|Any CPU = Release|Any CPU
	EndGlobalSection
	GlobalSection(ProjectConfigurationPlatforms) = postSolution
		{D37B35CF-29EB-437B-96CE-6ACE90847D9F}.Debug|Any CPU.ActiveCfg = Debug|Any CPU
		{D37B35CF-29EB-437B-96CE-6ACE90847D9F}.Debug|Any CPU.Build.0 = Debug|Any CPU
		{D37B35CF-29EB-437B-96CE-6ACE90847D9F}.Release|Any CPU.ActiveCfg = Release|Any CPU
		{D37B35CF-29EB-437B-96CE-6ACE90847D9F}.Release|Any CPU.Build.0 = Release|Any CPU
	EndGlobalSection
	GlobalSection(SolutionProperties) = preSolution
		HideSolutionNode = FALSE
	EndGlobalSection
EndGlobal
